Microsoft Visual Studio Solution File, Format Version 12.00
# Visual Studio 2017
Project("{FAE04EC0-301F-11D3-BF4B-00C04F79EFBC}") = "spear jump", "spear jump.csproj", "{87F8CD05-4FC0-C64A-BF87-EF1AB92A28E8}"
EndProject
Project("{FAE04EC0-301F-11D3-BF4B-00C04F79EFBC}") = "spear jump.Editor", "spear jump.Editor.csproj", "{33427B54-433F-39C8-4F9A-968E4555CF66}"
EndProject
Global
	GlobalSection(SolutionConfigurationPlatforms) = preSolution
		Debug|Any CPU = Debug|Any CPU
		Release|Any CPU = Release|Any CPU
	EndGlobalSection
	GlobalSection(ProjectConfigurationPlatforms) = postSolution
		{87F8CD05-4FC0-C64A-BF87-EF1AB92A28E8}.Debug|Any CPU.ActiveCfg = Debug|Any CPU
		{87F8CD05-4FC0-C64A-BF87-EF1AB92A28E8}.Debug|Any CPU.Build.0 = Debug|Any CPU
		{87F8CD05-4FC0-C64A-BF87-EF1AB92A28E8}.Release|Any CPU.ActiveCfg = Release|Any CPU
		{87F8CD05-4FC0-C64A-BF87-EF1AB92A28E8}.Release|Any CPU.Build.0 = Release|Any CPU
		{33427B54-433F-39C8-4F9A-968E4555CF66}.Debug|Any CPU.ActiveCfg = Debug|Any CPU
		{33427B54-433F-39C8-4F9A-968E4555CF66}.Debug|Any CPU.Build.0 = Debug|Any CPU
		{33427B54-433F-39C8-4F9A-968E4555CF66}.Release|Any CPU.ActiveCfg = Release|Any CPU
		{33427B54-433F-39C8-4F9A-968E4555CF66}.Release|Any CPU.Build.0 = Release|Any CPU
	EndGlobalSection
EndGlobal
